
Microsoft Visual Studio Solution File, Format Version 12.00
# Visual Studio Version 16
VisualStudioVersion = 16.0.29728.190
MinimumVisualStudioVersion = 10.0.40219.1
Project("{FAE04EC0-301F-11D3-BF4B-00C04F79EFBC}") = "Tabber.Core", "Tabber.Core\Tabber.Core.csproj", "{6A31BCD9-F8E6-4956-B27A-32C08067C4AD}"
EndProject
Project("{FAE04EC0-301F-11D3-BF4B-00C04F79EFBC}") = "Tabber.Core.Tests", "Tabber.Core.Tests\Tabber.Core.Tests.csproj", "{1CFA1DF5-9EAF-40B3-AD57-F81AEDAA09A0}"
EndProject
Project("{FAE04EC0-301F-11D3-BF4B-00C04F79EFBC}") = "Tabber.Sink.TextFile", "Tabber.Sink.TextFile\Tabber.Sink.TextFile.csproj", "{5DD93027-1798-4432-8190-3E9FF59BF958}"
EndProject
Project("{FAE04EC0-301F-11D3-BF4B-00C04F79EFBC}") = "Tabber.CommandLine", "Tabber.CommandLine\Tabber.CommandLine.csproj", "{0251D0F5-1B86-4BB9-99F9-839F96F5EE12}"
EndProject
Project("{FAE04EC0-301F-11D3-BF4B-00C04F79EFBC}") = "Tabber.Sink", "Tabber.Sink\Tabber.Sink.csproj", "{084787E8-48C8-42A7-B494-06D9B70D2BBC}"
EndProject
Global
	GlobalSection(SolutionConfigurationPlatforms) = preSolution
		Debug|Any CPU = Debug|Any CPU
		Release|Any CPU = Release|Any CPU
	EndGlobalSection
	GlobalSection(ProjectConfigurationPlatforms) = postSolution
		{6A31BCD9-F8E6-4956-B27A-32C08067C4AD}.Debug|Any CPU.ActiveCfg = Debug|Any CPU
		{6A31BCD9-F8E6-4956-B27A-32C08067C4AD}.Debug|Any CPU.Build.0 = Debug|Any CPU
		{6A31BCD9-F8E6-4956-B27A-32C08067C4AD}.Release|Any CPU.ActiveCfg = Release|Any CPU
		{6A31BCD9-F8E6-4956-B27A-32C08067C4AD}.Release|Any CPU.Build.0 = Release|Any CPU
		{1CFA1DF5-9EAF-40B3-AD57-F81AEDAA09A0}.Debug|Any CPU.ActiveCfg = Debug|Any CPU
		{1CFA1DF5-9EAF-40B3-AD57-F81AEDAA09A0}.Debug|Any CPU.Build.0 = Debug|Any CPU
		{1CFA1DF5-9EAF-40B3-AD57-F81AEDAA09A0}.Release|Any CPU.ActiveCfg = Release|Any CPU
		{1CFA1DF5-9EAF-40B3-AD57-F81AEDAA09A0}.Release|Any CPU.Build.0 = Release|Any CPU
		{5DD93027-1798-4432-8190-3E9FF59BF958}.Debug|Any CPU.ActiveCfg = Debug|Any CPU
		{5DD93027-1798-4432-8190-3E9FF59BF958}.Debug|Any CPU.Build.0 = Debug|Any CPU
		{5DD93027-1798-4432-8190-3E9FF59BF958}.Release|Any CPU.ActiveCfg = Release|Any CPU
		{5DD93027-1798-4432-8190-3E9FF59BF958}.Release|Any CPU.Build.0 = Release|Any CPU
		{0251D0F5-1B86-4BB9-99F9-839F96F5EE12}.Debug|Any CPU.ActiveCfg = Debug|Any CPU
		{0251D0F5-1B86-4BB9-99F9-839F96F5EE12}.Debug|Any CPU.Build.0 = Debug|Any CPU
		{0251D0F5-1B86-4BB9-99F9-839F96F5EE12}.Release|Any CPU.ActiveCfg = Release|Any CPU
		{0251D0F5-1B86-4BB9-99F9-839F96F5EE12}.Release|Any CPU.Build.0 = Release|Any CPU
		{084787E8-48C8-42A7-B494-06D9B70D2BBC}.Debug|Any CPU.ActiveCfg = Debug|Any CPU
		{084787E8-48C8-42A7-B494-06D9B70D2BBC}.Debug|Any CPU.Build.0 = Debug|Any CPU
		{084787E8-48C8-42A7-B494-06D9B70D2BBC}.Release|Any CPU.ActiveCfg = Release|Any CPU
		{084787E8-48C8-42A7-B494-06D9B70D2BBC}.Release|Any CPU.Build.0 = Release|Any CPU
	EndGlobalSection
	GlobalSection(SolutionProperties) = preSolution
		HideSolutionNode = FALSE
	EndGlobalSection
	GlobalSection(ExtensibilityGlobals) = postSolution
		SolutionGuid = {636896BB-76EC-43AB-A98F-30A8D399FBA4}
	EndGlobalSection
EndGlobal
